{
  "requires": true,
  "lockfileVersion": 1,
  "dependencies": {
    "sweetalert2": {
      "version": "8.18.5",
      "resolved": "https://registry.npmjs.org/sweetalert2/-/sweetalert2-8.18.5.tgz",
      "integrity": "sha512-GTP24XbiLqdT/Sd+lYac/bQLEJKqzWldV63hvyqPdWcqRimsDRSsumhWL3yyzLvqXMIwzoVbqpa1kWgg2/fm0g=="
    }
  }
}
